
Microsoft Visual Studio Solution File, Format Version 12.00
# Visual Studio Version 17
VisualStudioVersion = 17.9.34728.123
MinimumVisualStudioVersion = 10.0.40219.1
Project("{FAE04EC0-301F-11D3-BF4B-00C04F79EFBC}") = "TeamE-Project", "TeamE-Project\TeamE-Project.csproj", "{4AE42543-9637-458D-99F9-9D17A0F443CC}"
EndProject
Global
	GlobalSection(SolutionConfigurationPlatforms) = preSolution
		Debug|Any CPU = Debug|Any CPU
		Release|Any CPU = Release|Any CPU
	EndGlobalSection
	GlobalSection(ProjectConfigurationPlatforms) = postSolution
		{4AE42543-9637-458D-99F9-9D17A0F443CC}.Debug|Any CPU.ActiveCfg = Debug|Any CPU
		{4AE42543-9637-458D-99F9-9D17A0F443CC}.Debug|Any CPU.Build.0 = Debug|Any CPU
		{4AE42543-9637-458D-99F9-9D17A0F443CC}.Release|Any CPU.ActiveCfg = Release|Any CPU
		{4AE42543-9637-458D-99F9-9D17A0F443CC}.Release|Any CPU.Build.0 = Release|Any CPU
	EndGlobalSection
	GlobalSection(SolutionProperties) = preSolution
		HideSolutionNode = FALSE
	EndGlobalSection
	GlobalSection(ExtensibilityGlobals) = postSolution
		SolutionGuid = {B561102A-258E-4C4F-8FC7-35EE19D4987B}
	EndGlobalSection
EndGlobal
